
Microsoft Visual Studio Solution File, Format Version 12.00
# Visual Studio Version 16
VisualStudioVersion = 16.0.30517.126
MinimumVisualStudioVersion = 10.0.40219.1
Project("{FAE04EC0-301F-11D3-BF4B-00C04F79EFBC}") = "terminalcontrol", "terminalcontrol.csproj", "{AEC042BB-C315-4BD9-A655-269CD6BCD748}"
EndProject
Global
	GlobalSection(SolutionConfigurationPlatforms) = preSolution
		Debug|Any CPU = Debug|Any CPU
		Release|Any CPU = Release|Any CPU
	EndGlobalSection
	GlobalSection(ProjectConfigurationPlatforms) = postSolution
		{AEC042BB-C315-4BD9-A655-269CD6BCD748}.Debug|Any CPU.ActiveCfg = Debug|Any CPU
		{AEC042BB-C315-4BD9-A655-269CD6BCD748}.Debug|Any CPU.Build.0 = Debug|Any CPU
		{AEC042BB-C315-4BD9-A655-269CD6BCD748}.Release|Any CPU.ActiveCfg = Release|Any CPU
		{AEC042BB-C315-4BD9-A655-269CD6BCD748}.Release|Any CPU.Build.0 = Release|Any CPU
	EndGlobalSection
	GlobalSection(SolutionProperties) = preSolution
		HideSolutionNode = FALSE
	EndGlobalSection
	GlobalSection(ExtensibilityGlobals) = postSolution
		SolutionGuid = {59D13375-27CE-410A-BB89-00557FA1F61F}
	EndGlobalSection
EndGlobal
